
Microsoft Visual Studio Solution File, Format Version 12.00
# Visual Studio 14
VisualStudioVersion = 14.0.25420.1
MinimumVisualStudioVersion = 10.0.40219.1
Project("{FAE04EC0-301F-11D3-BF4B-00C04F79EFBC}") = "Nba", "Nba\Nba.csproj", "{1D1B21C7-8049-444A-B54A-E9B0B77B6700}"
EndProject
Project("{FAE04EC0-301F-11D3-BF4B-00C04F79EFBC}") = "Nba.Parser", "Nba.Parser\Nba.Parser.csproj", "{54432B6E-D007-4704-A753-CF0A2F4330D5}"
EndProject
Project("{FAE04EC0-301F-11D3-BF4B-00C04F79EFBC}") = "Nba.Cqrs", "Nba.Cqrs\Nba.Cqrs.csproj", "{6D3A9499-F65B-4FD3-9DD0-CAF62304FB3E}"
EndProject
Project("{FAE04EC0-301F-11D3-BF4B-00C04F79EFBC}") = "Nba.Domain", "Nba.Domain\Nba.Domain.csproj", "{3B1B5A6C-9FA7-4D14-9A86-777647E3A574}"
EndProject
Project("{FAE04EC0-301F-11D3-BF4B-00C04F79EFBC}") = "Nba.Dal", "Nba.Dal\Nba.Dal.csproj", "{C6AA3965-BC2D-4582-AAC4-CADE6E9F7DC6}"
EndProject
Project("{2150E333-8FDC-42A3-9474-1A3956D46DE8}") = "Presentation", "Presentation", "{0E8973EF-7E4F-41EE-AA18-2F03AB694846}"
EndProject
Project("{2150E333-8FDC-42A3-9474-1A3956D46DE8}") = "Business", "Business", "{648100CA-F22A-459E-8CB7-2FA41FD714B7}"
EndProject
Project("{2150E333-8FDC-42A3-9474-1A3956D46DE8}") = "Dal", "Dal", "{D9CABB59-C629-4FFB-B12B-2032292A9C63}"
EndProject
Project("{2150E333-8FDC-42A3-9474-1A3956D46DE8}") = "Infrastructure", "Infrastructure", "{C84770FF-4DA9-4ECE-9A66-EF0E6AB50979}"
EndProject
Project("{FAE04EC0-301F-11D3-BF4B-00C04F79EFBC}") = "Nba.Web", "Nba.Web\Nba.Web.csproj", "{75D91196-3AB3-48C9-A1BD-1DEE2C4379BC}"
EndProject
Project("{FAE04EC0-301F-11D3-BF4B-00C04F79EFBC}") = "Nba.Queries", "Nba.Queries\Nba.Queries.csproj", "{25A9D0FC-156F-4702-ADB7-7D35958B5E35}"
EndProject
Global
	GlobalSection(SolutionConfigurationPlatforms) = preSolution
		Debug|Any CPU = Debug|Any CPU
		Release|Any CPU = Release|Any CPU
	EndGlobalSection
	GlobalSection(ProjectConfigurationPlatforms) = postSolution
		{1D1B21C7-8049-444A-B54A-E9B0B77B6700}.Debug|Any CPU.ActiveCfg = Debug|Any CPU
		{1D1B21C7-8049-444A-B54A-E9B0B77B6700}.Debug|Any CPU.Build.0 = Debug|Any CPU
		{1D1B21C7-8049-444A-B54A-E9B0B77B6700}.Release|Any CPU.ActiveCfg = Release|Any CPU
		{1D1B21C7-8049-444A-B54A-E9B0B77B6700}.Release|Any CPU.Build.0 = Release|Any CPU
		{54432B6E-D007-4704-A753-CF0A2F4330D5}.Debug|Any CPU.ActiveCfg = Debug|Any CPU
		{54432B6E-D007-4704-A753-CF0A2F4330D5}.Debug|Any CPU.Build.0 = Debug|Any CPU
		{54432B6E-D007-4704-A753-CF0A2F4330D5}.Release|Any CPU.ActiveCfg = Release|Any CPU
		{54432B6E-D007-4704-A753-CF0A2F4330D5}.Release|Any CPU.Build.0 = Release|Any CPU
		{6D3A9499-F65B-4FD3-9DD0-CAF62304FB3E}.Debug|Any CPU.ActiveCfg = Debug|Any CPU
		{6D3A9499-F65B-4FD3-9DD0-CAF62304FB3E}.Debug|Any CPU.Build.0 = Debug|Any CPU
		{6D3A9499-F65B-4FD3-9DD0-CAF62304FB3E}.Release|Any CPU.ActiveCfg = Release|Any CPU
		{6D3A9499-F65B-4FD3-9DD0-CAF62304FB3E}.Release|Any CPU.Build.0 = Release|Any CPU
		{3B1B5A6C-9FA7-4D14-9A86-777647E3A574}.Debug|Any CPU.ActiveCfg = Debug|Any CPU
		{3B1B5A6C-9FA7-4D14-9A86-777647E3A574}.Debug|Any CPU.Build.0 = Debug|Any CPU
		{3B1B5A6C-9FA7-4D14-9A86-777647E3A574}.Release|Any CPU.ActiveCfg = Release|Any CPU
		{3B1B5A6C-9FA7-4D14-9A86-777647E3A574}.Release|Any CPU.Build.0 = Release|Any CPU
		{C6AA3965-BC2D-4582-AAC4-CADE6E9F7DC6}.Debug|Any CPU.ActiveCfg = Debug|Any CPU
		{C6AA3965-BC2D-4582-AAC4-CADE6E9F7DC6}.Debug|Any CPU.Build.0 = Debug|Any CPU
		{C6AA3965-BC2D-4582-AAC4-CADE6E9F7DC6}.Release|Any CPU.ActiveCfg = Release|Any CPU
		{C6AA3965-BC2D-4582-AAC4-CADE6E9F7DC6}.Release|Any CPU.Build.0 = Release|Any CPU
		{75D91196-3AB3-48C9-A1BD-1DEE2C4379BC}.Debug|Any CPU.ActiveCfg = Debug|Any CPU
		{75D91196-3AB3-48C9-A1BD-1DEE2C4379BC}.Debug|Any CPU.Build.0 = Debug|Any CPU
		{75D91196-3AB3-48C9-A1BD-1DEE2C4379BC}.Release|Any CPU.ActiveCfg = Release|Any CPU
		{75D91196-3AB3-48C9-A1BD-1DEE2C4379BC}.Release|Any CPU.Build.0 = Release|Any CPU
		{25A9D0FC-156F-4702-ADB7-7D35958B5E35}.Debug|Any CPU.ActiveCfg = Debug|Any CPU
		{25A9D0FC-156F-4702-ADB7-7D35958B5E35}.Debug|Any CPU.Build.0 = Debug|Any CPU
		{25A9D0FC-156F-4702-ADB7-7D35958B5E35}.Release|Any CPU.ActiveCfg = Release|Any CPU
		{25A9D0FC-156F-4702-ADB7-7D35958B5E35}.Release|Any CPU.Build.0 = Release|Any CPU
	EndGlobalSection
	GlobalSection(SolutionProperties) = preSolution
		HideSolutionNode = FALSE
	EndGlobalSection
	GlobalSection(NestedProjects) = preSolution
		{1D1B21C7-8049-444A-B54A-E9B0B77B6700} = {0E8973EF-7E4F-41EE-AA18-2F03AB694846}
		{54432B6E-D007-4704-A753-CF0A2F4330D5} = {648100CA-F22A-459E-8CB7-2FA41FD714B7}
		{6D3A9499-F65B-4FD3-9DD0-CAF62304FB3E} = {C84770FF-4DA9-4ECE-9A66-EF0E6AB50979}
		{3B1B5A6C-9FA7-4D14-9A86-777647E3A574} = {648100CA-F22A-459E-8CB7-2FA41FD714B7}
		{C6AA3965-BC2D-4582-AAC4-CADE6E9F7DC6} = {D9CABB59-C629-4FFB-B12B-2032292A9C63}
		{75D91196-3AB3-48C9-A1BD-1DEE2C4379BC} = {0E8973EF-7E4F-41EE-AA18-2F03AB694846}
		{25A9D0FC-156F-4702-ADB7-7D35958B5E35} = {648100CA-F22A-459E-8CB7-2FA41FD714B7}
	EndGlobalSection
EndGlobal
